# This file was autogenerated by Stack.
# You should not edit this file by hand.
# For more information, please see the documentation at:
#   https://docs.haskellstack.org/en/stable/lock_files

packages: []
snapshots:
- completed:
    sha256: b054a0443c25ebb957db8d9a896d557bef789894c3531a4c2ade862cc9c2a3cd
    size: 650422
    url: https://raw.githubusercontent.com/commercialhaskell/stackage-snapshots/master/nightly/2024/6/17.yaml
  original: nightly-2024-06-17
