# This file was autogenerated by Stack.
# You should not edit this file by hand.
# For more information, please see the documentation at:
#   https://docs.haskellstack.org/en/stable/lock_files

packages:
- completed:
    hackage: fsnotify-0.3.0.1@sha256:fbec8cddd3f991d5b905df16895c67717b0f580e1ef33de34d93de814af1a08a,2988
    pantry-tree:
      sha256: 37a2111006e61b752f3d4690dc81d76a4cedf3415dc486779addb2a033f5de58
      size: 1130
  original:
    hackage: fsnotify-0.3.0.1
snapshots:
- completed:
    sha256: 637fb77049b25560622a224845b7acfe81a09fdb6a96a3c75997a10b651667f6
    size: 534126
    url: https://raw.githubusercontent.com/commercialhaskell/stackage-snapshots/master/lts/16/31.yaml
  original: lts-16.31
